
Microsoft Visual Studio Solution File, Format Version 12.00
# Visual Studio 2012
Project("{FAE04EC0-301F-11D3-BF4B-00C04F79EFBC}") = "CT", "CT.csproj", "{22A3F92E-46CC-4FD3-9365-577136410046}"
EndProject
Project("{FAE04EC0-301F-11D3-BF4B-00C04F79EFBC}") = "CT.iOS", "iOS\CT.iOS.csproj", "{C908D1AE-396F-4611-AB5A-9329046E488F}"
EndProject
Project("{FAE04EC0-301F-11D3-BF4B-00C04F79EFBC}") = "CT.Droid", "Droid\CT.Droid.csproj", "{0B7C91EB-8A4E-4670-B582-FD2016895029}"
EndProject
Global
	GlobalSection(SolutionConfigurationPlatforms) = preSolution
		Debug|Any CPU = Debug|Any CPU
		Release|Any CPU = Release|Any CPU
		Debug|iPhoneSimulator = Debug|iPhoneSimulator
		Release|iPhone = Release|iPhone
		Release|iPhoneSimulator = Release|iPhoneSimulator
		Debug|iPhone = Debug|iPhone
	EndGlobalSection
	GlobalSection(ProjectConfigurationPlatforms) = postSolution
		{22A3F92E-46CC-4FD3-9365-577136410046}.Debug|Any CPU.ActiveCfg = Debug|Any CPU
		{22A3F92E-46CC-4FD3-9365-577136410046}.Debug|Any CPU.Build.0 = Debug|Any CPU
		{22A3F92E-46CC-4FD3-9365-577136410046}.Release|Any CPU.ActiveCfg = Release|Any CPU
		{22A3F92E-46CC-4FD3-9365-577136410046}.Release|Any CPU.Build.0 = Release|Any CPU
		{22A3F92E-46CC-4FD3-9365-577136410046}.Debug|iPhoneSimulator.ActiveCfg = Debug|Any CPU
		{22A3F92E-46CC-4FD3-9365-577136410046}.Debug|iPhoneSimulator.Build.0 = Debug|Any CPU
		{22A3F92E-46CC-4FD3-9365-577136410046}.Release|iPhone.ActiveCfg = Release|Any CPU
		{22A3F92E-46CC-4FD3-9365-577136410046}.Release|iPhone.Build.0 = Release|Any CPU
		{22A3F92E-46CC-4FD3-9365-577136410046}.Release|iPhoneSimulator.ActiveCfg = Release|Any CPU
		{22A3F92E-46CC-4FD3-9365-577136410046}.Release|iPhoneSimulator.Build.0 = Release|Any CPU
		{22A3F92E-46CC-4FD3-9365-577136410046}.Debug|iPhone.ActiveCfg = Debug|Any CPU
		{22A3F92E-46CC-4FD3-9365-577136410046}.Debug|iPhone.Build.0 = Debug|Any CPU
		{C908D1AE-396F-4611-AB5A-9329046E488F}.Debug|Any CPU.ActiveCfg = Debug|iPhoneSimulator
		{C908D1AE-396F-4611-AB5A-9329046E488F}.Debug|Any CPU.Build.0 = Debug|iPhoneSimulator
		{C908D1AE-396F-4611-AB5A-9329046E488F}.Release|Any CPU.ActiveCfg = Release|iPhone
		{C908D1AE-396F-4611-AB5A-9329046E488F}.Release|Any CPU.Build.0 = Release|iPhone
		{C908D1AE-396F-4611-AB5A-9329046E488F}.Debug|iPhoneSimulator.ActiveCfg = Debug|iPhoneSimulator
		{C908D1AE-396F-4611-AB5A-9329046E488F}.Debug|iPhoneSimulator.Build.0 = Debug|iPhoneSimulator
		{C908D1AE-396F-4611-AB5A-9329046E488F}.Release|iPhone.ActiveCfg = Release|iPhone
		{C908D1AE-396F-4611-AB5A-9329046E488F}.Release|iPhone.Build.0 = Release|iPhone
		{C908D1AE-396F-4611-AB5A-9329046E488F}.Release|iPhoneSimulator.ActiveCfg = Release|iPhoneSimulator
		{C908D1AE-396F-4611-AB5A-9329046E488F}.Release|iPhoneSimulator.Build.0 = Release|iPhoneSimulator
		{C908D1AE-396F-4611-AB5A-9329046E488F}.Debug|iPhone.ActiveCfg = Debug|iPhone
		{C908D1AE-396F-4611-AB5A-9329046E488F}.Debug|iPhone.Build.0 = Debug|iPhone
		{0B7C91EB-8A4E-4670-B582-FD2016895029}.Debug|Any CPU.ActiveCfg = Debug|Any CPU
		{0B7C91EB-8A4E-4670-B582-FD2016895029}.Debug|Any CPU.Build.0 = Debug|Any CPU
		{0B7C91EB-8A4E-4670-B582-FD2016895029}.Release|Any CPU.ActiveCfg = Release|Any CPU
		{0B7C91EB-8A4E-4670-B582-FD2016895029}.Release|Any CPU.Build.0 = Release|Any CPU
		{0B7C91EB-8A4E-4670-B582-FD2016895029}.Debug|iPhoneSimulator.ActiveCfg = Debug|Any CPU
		{0B7C91EB-8A4E-4670-B582-FD2016895029}.Debug|iPhoneSimulator.Build.0 = Debug|Any CPU
		{0B7C91EB-8A4E-4670-B582-FD2016895029}.Release|iPhone.ActiveCfg = Release|Any CPU
		{0B7C91EB-8A4E-4670-B582-FD2016895029}.Release|iPhone.Build.0 = Release|Any CPU
		{0B7C91EB-8A4E-4670-B582-FD2016895029}.Release|iPhoneSimulator.ActiveCfg = Release|Any CPU
		{0B7C91EB-8A4E-4670-B582-FD2016895029}.Release|iPhoneSimulator.Build.0 = Release|Any CPU
		{0B7C91EB-8A4E-4670-B582-FD2016895029}.Debug|iPhone.ActiveCfg = Debug|Any CPU
		{0B7C91EB-8A4E-4670-B582-FD2016895029}.Debug|iPhone.Build.0 = Debug|Any CPU
	EndGlobalSection
	GlobalSection(MonoDevelopProperties) = preSolution
		Policies = $0
		$0.DotNetNamingPolicy = $1
		$1.DirectoryNamespaceAssociation = None
		$1.ResourceNamePolicy = FileFormatDefault
		$0.StandardHeader = $2
		$2.Text = 
		$2.IncludeInNewFiles = True
	EndGlobalSection
EndGlobal
